
Microsoft Visual Studio Solution File, Format Version 12.00
Project("{FAE04EC0-301F-11D3-BF4B-00C04F79EFBC}") = "01.Api", "01.Api\01.Api.csproj", "{18631A35-CD63-4ECF-8476-3681AE90B178}"
EndProject
Project("{FAE04EC0-301F-11D3-BF4B-00C04F79EFBC}") = "02.Application", "02.Application\02.Application.csproj", "{74615816-FA74-4C66-9BB5-BD1CB0898072}"
EndProject
Project("{FAE04EC0-301F-11D3-BF4B-00C04F79EFBC}") = "03.Infrastructure", "03.Infrastructure\03.Infrastructure.csproj", "{930F1A55-F90C-4CA4-A08B-D0CFFC6D1EC2}"
EndProject
Global
	GlobalSection(SolutionConfigurationPlatforms) = preSolution
		Debug|Any CPU = Debug|Any CPU
		Release|Any CPU = Release|Any CPU
	EndGlobalSection
	GlobalSection(ProjectConfigurationPlatforms) = postSolution
		{18631A35-CD63-4ECF-8476-3681AE90B178}.Debug|Any CPU.ActiveCfg = Debug|Any CPU
		{18631A35-CD63-4ECF-8476-3681AE90B178}.Debug|Any CPU.Build.0 = Debug|Any CPU
		{18631A35-CD63-4ECF-8476-3681AE90B178}.Release|Any CPU.ActiveCfg = Release|Any CPU
		{18631A35-CD63-4ECF-8476-3681AE90B178}.Release|Any CPU.Build.0 = Release|Any CPU
		{74615816-FA74-4C66-9BB5-BD1CB0898072}.Debug|Any CPU.ActiveCfg = Debug|Any CPU
		{74615816-FA74-4C66-9BB5-BD1CB0898072}.Debug|Any CPU.Build.0 = Debug|Any CPU
		{74615816-FA74-4C66-9BB5-BD1CB0898072}.Release|Any CPU.ActiveCfg = Release|Any CPU
		{74615816-FA74-4C66-9BB5-BD1CB0898072}.Release|Any CPU.Build.0 = Release|Any CPU
		{930F1A55-F90C-4CA4-A08B-D0CFFC6D1EC2}.Debug|Any CPU.ActiveCfg = Debug|Any CPU
		{930F1A55-F90C-4CA4-A08B-D0CFFC6D1EC2}.Debug|Any CPU.Build.0 = Debug|Any CPU
		{930F1A55-F90C-4CA4-A08B-D0CFFC6D1EC2}.Release|Any CPU.ActiveCfg = Release|Any CPU
		{930F1A55-F90C-4CA4-A08B-D0CFFC6D1EC2}.Release|Any CPU.Build.0 = Release|Any CPU
	EndGlobalSection
EndGlobal
